
Microsoft Visual Studio Solution File, Format Version 12.00
# Visual Studio 14
VisualStudioVersion = 14.0.25420.1
MinimumVisualStudioVersion = 10.0.40219.1
Project("{8BC9CEB8-8B4A-11D0-8D11-00A0C91BC942}") = "FirstWinApi", "FirstWinApi\FirstWinApi.vcxproj", "{80DE216A-E5E9-41D9-8576-6FB4FFBD2C20}"
EndProject
Project("{8BC9CEB8-8B4A-11D0-8D11-00A0C91BC942}") = "SecondWinApi", "SecondWinApi\SecondWinApi.vcxproj", "{3436644C-A43F-41C0-A2EF-3E9EC1D88140}"
EndProject
Project("{8BC9CEB8-8B4A-11D0-8D11-00A0C91BC942}") = "Win32Lab1_1", "Win32Lab1\Win32Lab1.vcxproj", "{49C31541-0C7B-4188-9F96-81707BFF236D}"
EndProject
Project("{8BC9CEB8-8B4A-11D0-8D11-00A0C91BC942}") = "Win32Lab1_2", "Win32Lab1_2\Win32Lab1_2.vcxproj", "{9103E3C9-07E4-435B-A861-507AA7283D94}"
EndProject
Project("{8BC9CEB8-8B4A-11D0-8D11-00A0C91BC942}") = "Win32Lab1_3", "Win32Lab1_3\Win32Lab1_3.vcxproj", "{C6619FF9-0272-4A29-86BD-BA077BBE348B}"
EndProject
Project("{8BC9CEB8-8B4A-11D0-8D11-00A0C91BC942}") = "Win32Lab1_3_2a", "Win32Lab1_3_2a\Win32Lab1_3_2a.vcxproj", "{4F463153-40E2-448E-9319-D88DCBD8E3F2}"
EndProject
Project("{8BC9CEB8-8B4A-11D0-8D11-00A0C91BC942}") = "Win32Lab1_3_2b", "Win32Lab1_3_2b\Win32Lab1_3_2b.vcxproj", "{39B70D56-A980-4F0C-BA0E-64DF806A1990}"
EndProject
Project("{8BC9CEB8-8B4A-11D0-8D11-00A0C91BC942}") = "Win32Lab1_3_2c", "Win32Lab1_3_2c\Win32Lab1_3_2c.vcxproj", "{6CBD6F29-4343-4931-B23E-855EE0BA062E}"
EndProject
Global
	GlobalSection(SolutionConfigurationPlatforms) = preSolution
		Debug|x64 = Debug|x64
		Debug|x86 = Debug|x86
		Release|x64 = Release|x64
		Release|x86 = Release|x86
	EndGlobalSection
	GlobalSection(ProjectConfigurationPlatforms) = postSolution
		{80DE216A-E5E9-41D9-8576-6FB4FFBD2C20}.Debug|x64.ActiveCfg = Debug|x64
		{80DE216A-E5E9-41D9-8576-6FB4FFBD2C20}.Debug|x64.Build.0 = Debug|x64
		{80DE216A-E5E9-41D9-8576-6FB4FFBD2C20}.Debug|x86.ActiveCfg = Debug|Win32
		{80DE216A-E5E9-41D9-8576-6FB4FFBD2C20}.Debug|x86.Build.0 = Debug|Win32
		{80DE216A-E5E9-41D9-8576-6FB4FFBD2C20}.Release|x64.ActiveCfg = Release|x64
		{80DE216A-E5E9-41D9-8576-6FB4FFBD2C20}.Release|x64.Build.0 = Release|x64
		{80DE216A-E5E9-41D9-8576-6FB4FFBD2C20}.Release|x86.ActiveCfg = Release|Win32
		{80DE216A-E5E9-41D9-8576-6FB4FFBD2C20}.Release|x86.Build.0 = Release|Win32
		{3436644C-A43F-41C0-A2EF-3E9EC1D88140}.Debug|x64.ActiveCfg = Debug|x64
		{3436644C-A43F-41C0-A2EF-3E9EC1D88140}.Debug|x64.Build.0 = Debug|x64
		{3436644C-A43F-41C0-A2EF-3E9EC1D88140}.Debug|x86.ActiveCfg = Debug|Win32
		{3436644C-A43F-41C0-A2EF-3E9EC1D88140}.Debug|x86.Build.0 = Debug|Win32
		{3436644C-A43F-41C0-A2EF-3E9EC1D88140}.Release|x64.ActiveCfg = Release|x64
		{3436644C-A43F-41C0-A2EF-3E9EC1D88140}.Release|x64.Build.0 = Release|x64
		{3436644C-A43F-41C0-A2EF-3E9EC1D88140}.Release|x86.ActiveCfg = Release|Win32
		{3436644C-A43F-41C0-A2EF-3E9EC1D88140}.Release|x86.Build.0 = Release|Win32
		{49C31541-0C7B-4188-9F96-81707BFF236D}.Debug|x64.ActiveCfg = Debug|x64
		{49C31541-0C7B-4188-9F96-81707BFF236D}.Debug|x64.Build.0 = Debug|x64
		{49C31541-0C7B-4188-9F96-81707BFF236D}.Debug|x86.ActiveCfg = Debug|Win32
		{49C31541-0C7B-4188-9F96-81707BFF236D}.Debug|x86.Build.0 = Debug|Win32
		{49C31541-0C7B-4188-9F96-81707BFF236D}.Release|x64.ActiveCfg = Release|x64
		{49C31541-0C7B-4188-9F96-81707BFF236D}.Release|x64.Build.0 = Release|x64
		{49C31541-0C7B-4188-9F96-81707BFF236D}.Release|x86.ActiveCfg = Release|Win32
		{49C31541-0C7B-4188-9F96-81707BFF236D}.Release|x86.Build.0 = Release|Win32
		{9103E3C9-07E4-435B-A861-507AA7283D94}.Debug|x64.ActiveCfg = Debug|x64
		{9103E3C9-07E4-435B-A861-507AA7283D94}.Debug|x64.Build.0 = Debug|x64
		{9103E3C9-07E4-435B-A861-507AA7283D94}.Debug|x86.ActiveCfg = Debug|Win32
		{9103E3C9-07E4-435B-A861-507AA7283D94}.Debug|x86.Build.0 = Debug|Win32
		{9103E3C9-07E4-435B-A861-507AA7283D94}.Release|x64.ActiveCfg = Release|x64
		{9103E3C9-07E4-435B-A861-507AA7283D94}.Release|x64.Build.0 = Release|x64
		{9103E3C9-07E4-435B-A861-507AA7283D94}.Release|x86.ActiveCfg = Release|Win32
		{9103E3C9-07E4-435B-A861-507AA7283D94}.Release|x86.Build.0 = Release|Win32
		{C6619FF9-0272-4A29-86BD-BA077BBE348B}.Debug|x64.ActiveCfg = Debug|x64
		{C6619FF9-0272-4A29-86BD-BA077BBE348B}.Debug|x64.Build.0 = Debug|x64
		{C6619FF9-0272-4A29-86BD-BA077BBE348B}.Debug|x86.ActiveCfg = Debug|Win32
		{C6619FF9-0272-4A29-86BD-BA077BBE348B}.Debug|x86.Build.0 = Debug|Win32
		{C6619FF9-0272-4A29-86BD-BA077BBE348B}.Release|x64.ActiveCfg = Release|x64
		{C6619FF9-0272-4A29-86BD-BA077BBE348B}.Release|x64.Build.0 = Release|x64
		{C6619FF9-0272-4A29-86BD-BA077BBE348B}.Release|x86.ActiveCfg = Release|Win32
		{C6619FF9-0272-4A29-86BD-BA077BBE348B}.Release|x86.Build.0 = Release|Win32
		{4F463153-40E2-448E-9319-D88DCBD8E3F2}.Debug|x64.ActiveCfg = Debug|x64
		{4F463153-40E2-448E-9319-D88DCBD8E3F2}.Debug|x64.Build.0 = Debug|x64
		{4F463153-40E2-448E-9319-D88DCBD8E3F2}.Debug|x86.ActiveCfg = Debug|Win32
		{4F463153-40E2-448E-9319-D88DCBD8E3F2}.Debug|x86.Build.0 = Debug|Win32
		{4F463153-40E2-448E-9319-D88DCBD8E3F2}.Release|x64.ActiveCfg = Release|x64
		{4F463153-40E2-448E-9319-D88DCBD8E3F2}.Release|x64.Build.0 = Release|x64
		{4F463153-40E2-448E-9319-D88DCBD8E3F2}.Release|x86.ActiveCfg = Release|Win32
		{4F463153-40E2-448E-9319-D88DCBD8E3F2}.Release|x86.Build.0 = Release|Win32
		{39B70D56-A980-4F0C-BA0E-64DF806A1990}.Debug|x64.ActiveCfg = Debug|x64
		{39B70D56-A980-4F0C-BA0E-64DF806A1990}.Debug|x64.Build.0 = Debug|x64
		{39B70D56-A980-4F0C-BA0E-64DF806A1990}.Debug|x86.ActiveCfg = Debug|Win32
		{39B70D56-A980-4F0C-BA0E-64DF806A1990}.Debug|x86.Build.0 = Debug|Win32
		{39B70D56-A980-4F0C-BA0E-64DF806A1990}.Release|x64.ActiveCfg = Release|x64
		{39B70D56-A980-4F0C-BA0E-64DF806A1990}.Release|x64.Build.0 = Release|x64
		{39B70D56-A980-4F0C-BA0E-64DF806A1990}.Release|x86.ActiveCfg = Release|Win32
		{39B70D56-A980-4F0C-BA0E-64DF806A1990}.Release|x86.Build.0 = Release|Win32
		{6CBD6F29-4343-4931-B23E-855EE0BA062E}.Debug|x64.ActiveCfg = Debug|x64
		{6CBD6F29-4343-4931-B23E-855EE0BA062E}.Debug|x64.Build.0 = Debug|x64
		{6CBD6F29-4343-4931-B23E-855EE0BA062E}.Debug|x86.ActiveCfg = Debug|Win32
		{6CBD6F29-4343-4931-B23E-855EE0BA062E}.Debug|x86.Build.0 = Debug|Win32
		{6CBD6F29-4343-4931-B23E-855EE0BA062E}.Release|x64.ActiveCfg = Release|x64
		{6CBD6F29-4343-4931-B23E-855EE0BA062E}.Release|x64.Build.0 = Release|x64
		{6CBD6F29-4343-4931-B23E-855EE0BA062E}.Release|x86.ActiveCfg = Release|Win32
		{6CBD6F29-4343-4931-B23E-855EE0BA062E}.Release|x86.Build.0 = Release|Win32
	EndGlobalSection
	GlobalSection(SolutionProperties) = preSolution
		HideSolutionNode = FALSE
	EndGlobalSection
EndGlobal
